// !$*UTF8*$!
{
	archiveVersion = 1;
	classes = {
	};
	objectVersion = 55;
	objects = {

/* Begin PBXBuildFile section */
		630C4AB228B61A820002E88F /* FileManager+Extension.swift in Sources */ = {isa = PBXBuildFile; fileRef = 630C4AB128B61A820002E88F /* FileManager+Extension.swift */; };
		6324987A28B3576700350B2B /* RealmModel.swift in Sources */ = {isa = PBXBuildFile; fileRef = 6324987928B3576700350B2B /* RealmModel.swift */; };
		63439975288684D90084CD84 /* Shopping.storyboard in Resources */ = {isa = PBXBuildFile; fileRef = 63439974288684D90084CD84 /* Shopping.storyboard */; };
		634399772886850D0084CD84 /* ShopTableViewCell.swift in Sources */ = {isa = PBXBuildFile; fileRef = 634399762886850D0084CD84 /* ShopTableViewCell.swift */; };
		634399792886857A0084CD84 /* ShopTableViewController.swift in Sources */ = {isa = PBXBuildFile; fileRef = 634399782886857A0084CD84 /* ShopTableViewController.swift */; };
		634399802886B8B10084CD84 /* SearchTableViewCell.swift in Sources */ = {isa = PBXBuildFile; fileRef = 6343997F2886B8B10084CD84 /* SearchTableViewCell.swift */; };
		634399822886BC4A0084CD84 /* SearchData.swift in Sources */ = {isa = PBXBuildFile; fileRef = 634399812886BC4A0084CD84 /* SearchData.swift */; };
		6348412A288A3FC80044390B /* SenceViewController.swift in Sources */ = {isa = PBXBuildFile; fileRef = 63484129288A3FC80044390B /* SenceViewController.swift */; };
		639FC40C28878700001CC188 /* SearchMovieTableViewController.swift in Sources */ = {isa = PBXBuildFile; fileRef = 639FC40B28878700001CC188 /* SearchMovieTableViewController.swift */; };
		639FC40E28878767001CC188 /* SearchMovieTableViewCell.swift in Sources */ = {isa = PBXBuildFile; fileRef = 639FC40D28878767001CC188 /* SearchMovieTableViewCell.swift */; };
		639FC41028878C9E001CC188 /* Movie.swift in Sources */ = {isa = PBXBuildFile; fileRef = 639FC40F28878C9E001CC188 /* Movie.swift */; };
		639FC412288793CF001CC188 /* MovieInfo.swift in Sources */ = {isa = PBXBuildFile; fileRef = 639FC411288793CF001CC188 /* MovieInfo.swift */; };
		639FC41428879AA1001CC188 /* RecommandCollectionViewController.swift in Sources */ = {isa = PBXBuildFile; fileRef = 639FC41328879AA1001CC188 /* RecommandCollectionViewController.swift */; };
		639FC41628879DE4001CC188 /* RecommandCollectionViewCell.swift in Sources */ = {isa = PBXBuildFile; fileRef = 639FC41528879DE4001CC188 /* RecommandCollectionViewCell.swift */; };
		639FC41E2887CBA3001CC188 /* SearchDataInfo.swift in Sources */ = {isa = PBXBuildFile; fileRef = 639FC41D2887CBA3001CC188 /* SearchDataInfo.swift */; };
		63AA404C28B7336100A346B7 /* BackupViewController.swift in Sources */ = {isa = PBXBuildFile; fileRef = 63AA404B28B7336100A346B7 /* BackupViewController.swift */; };
		63AA404E28B733C600A346B7 /* BackupTableViewCell.swift in Sources */ = {isa = PBXBuildFile; fileRef = 63AA404D28B733C600A346B7 /* BackupTableViewCell.swift */; };
		63AA405128B7386900A346B7 /* Zip in Frameworks */ = {isa = PBXBuildFile; productRef = 63AA405028B7386900A346B7 /* Zip */; };
		63B0712A2888E748001B8FAA /* TrendTableViewController.swift in Sources */ = {isa = PBXBuildFile; fileRef = 63B071292888E748001B8FAA /* TrendTableViewController.swift */; };
		63E6030528B4C296001E73F5 /* Kingfisher in Frameworks */ = {isa = PBXBuildFile; productRef = 63E6030428B4C296001E73F5 /* Kingfisher */; };
		63E6030828B4C2A6001E73F5 /* Toast in Frameworks */ = {isa = PBXBuildFile; productRef = 63E6030728B4C2A6001E73F5 /* Toast */; };
		63E6030B28B4C2C4001E73F5 /* Realm in Frameworks */ = {isa = PBXBuildFile; productRef = 63E6030A28B4C2C4001E73F5 /* Realm */; };
		63E6030D28B4C2C4001E73F5 /* RealmSwift in Frameworks */ = {isa = PBXBuildFile; productRef = 63E6030C28B4C2C4001E73F5 /* RealmSwift */; };
		63E6031128B4CF22001E73F5 /* DetailViewController.swift in Sources */ = {isa = PBXBuildFile; fileRef = 63E6031028B4CF22001E73F5 /* DetailViewController.swift */; };
		63EA306B2884DDD6009F1579 /* AppDelegate.swift in Sources */ = {isa = PBXBuildFile; fileRef = 63EA306A2884DDD6009F1579 /* AppDelegate.swift */; };
		63EA306D2884DDD6009F1579 /* SceneDelegate.swift in Sources */ = {isa = PBXBuildFile; fileRef = 63EA306C2884DDD6009F1579 /* SceneDelegate.swift */; };
		63EA306F2884DDD6009F1579 /* ViewController.swift in Sources */ = {isa = PBXBuildFile; fileRef = 63EA306E2884DDD6009F1579 /* ViewController.swift */; };
		63EA30722884DDD6009F1579 /* Main.storyboard in Resources */ = {isa = PBXBuildFile; fileRef = 63EA30702884DDD6009F1579 /* Main.storyboard */; };
		63EA30742884DDD8009F1579 /* Assets.xcassets in Resources */ = {isa = PBXBuildFile; fileRef = 63EA30732884DDD8009F1579 /* Assets.xcassets */; };
		63EA30772884DDD8009F1579 /* LaunchScreen.storyboard in Resources */ = {isa = PBXBuildFile; fileRef = 63EA30752884DDD8009F1579 /* LaunchScreen.storyboard */; };
		63EA307F2884F10D009F1579 /* Home.storyboard in Resources */ = {isa = PBXBuildFile; fileRef = 63EA307E2884F10D009F1579 /* Home.storyboard */; };
		63EA30812884FE37009F1579 /* SettingTableViewController.swift in Sources */ = {isa = PBXBuildFile; fileRef = 63EA30802884FE37009F1579 /* SettingTableViewController.swift */; };
		63EA308328850FCE009F1579 /* Setting.storyboard in Resources */ = {isa = PBXBuildFile; fileRef = 63EA308228850FCE009F1579 /* Setting.storyboard */; };
		63EA308528850FE6009F1579 /* SubTableViewController.swift in Sources */ = {isa = PBXBuildFile; fileRef = 63EA308428850FE6009F1579 /* SubTableViewController.swift */; };
		63FEFDAA2886401600F83F72 /* Search.storyboard in Resources */ = {isa = PBXBuildFile; fileRef = 63FEFDA92886401600F83F72 /* Search.storyboard */; };
		63FEFDAC2886403D00F83F72 /* Trend.storyboard in Resources */ = {isa = PBXBuildFile; fileRef = 63FEFDAB2886403D00F83F72 /* Trend.storyboard */; };
		63FEFDAF2886407A00F83F72 /* Intro.storyboard in Resources */ = {isa = PBXBuildFile; fileRef = 63FEFDAE2886407A00F83F72 /* Intro.storyboard */; };
		63FEFDB12886441600F83F72 /* TrendViewController.swift in Sources */ = {isa = PBXBuildFile; fileRef = 63FEFDB02886441600F83F72 /* TrendViewController.swift */; };
		63FEFDB32886441F00F83F72 /* SearchTableViewController.swift in Sources */ = {isa = PBXBuildFile; fileRef = 63FEFDB22886441F00F83F72 /* SearchTableViewController.swift */; };
		63FEFDB52886452A00F83F72 /* UIViewController+Extension.swift in Sources */ = {isa = PBXBuildFile; fileRef = 63FEFDB42886452A00F83F72 /* UIViewController+Extension.swift */; };
		63FEFDB72886478D00F83F72 /* UITextField+Extension.swift in Sources */ = {isa = PBXBuildFile; fileRef = 63FEFDB62886478D00F83F72 /* UITextField+Extension.swift */; };
		63FEFDB928864B9200F83F72 /* BucketListTableViewController.swift in Sources */ = {isa = PBXBuildFile; fileRef = 63FEFDB828864B9200F83F72 /* BucketListTableViewController.swift */; };
		63FEFDBB28864D9700F83F72 /* BuketListTableViewCell.swift in Sources */ = {isa = PBXBuildFile; fileRef = 63FEFDBA28864D9700F83F72 /* BuketListTableViewCell.swift */; };
/* End PBXBuildFile section */

/* Begin PBXFileReference section */
		630C4AB128B61A820002E88F /* FileManager+Extension.swift */ = {isa = PBXFileReference; lastKnownFileType = sourcecode.swift; path = "FileManager+Extension.swift"; sourceTree = "<group>"; };
		6324987928B3576700350B2B /* RealmModel.swift */ = {isa = PBXFileReference; lastKnownFileType = sourcecode.swift; path = RealmModel.swift; sourceTree = "<group>"; };
		63439974288684D90084CD84 /* Shopping.storyboard */ = {isa = PBXFileReference; lastKnownFileType = file.storyboard; path = Shopping.storyboard; sourceTree = "<group>"; };
		634399762886850D0084CD84 /* ShopTableViewCell.swift */ = {isa = PBXFileReference; lastKnownFileType = sourcecode.swift; path = ShopTableViewCell.swift; sourceTree = "<group>"; };
		634399782886857A0084CD84 /* ShopTableViewController.swift */ = {isa = PBXFileReference; lastKnownFileType = sourcecode.swift; path = ShopTableViewController.swift; sourceTree = "<group>"; };
		6343997F2886B8B10084CD84 /* SearchTableViewCell.swift */ = {isa = PBXFileReference; lastKnownFileType = sourcecode.swift; path = SearchTableViewCell.swift; sourceTree = "<group>"; };
		634399812886BC4A0084CD84 /* SearchData.swift */ = {isa = PBXFileReference; lastKnownFileType = sourcecode.swift; path = SearchData.swift; sourceTree = "<group>"; };
		63484129288A3FC80044390B /* SenceViewController.swift */ = {isa = PBXFileReference; lastKnownFileType = sourcecode.swift; path = SenceViewController.swift; sourceTree = "<group>"; };
		639FC40B28878700001CC188 /* SearchMovieTableViewController.swift */ = {isa = PBXFileReference; lastKnownFileType = sourcecode.swift; path = SearchMovieTableViewController.swift; sourceTree = "<group>"; };
		639FC40D28878767001CC188 /* SearchMovieTableViewCell.swift */ = {isa = PBXFileReference; lastKnownFileType = sourcecode.swift; path = SearchMovieTableViewCell.swift; sourceTree = "<group>"; };
		639FC40F28878C9E001CC188 /* Movie.swift */ = {isa = PBXFileReference; lastKnownFileType = sourcecode.swift; path = Movie.swift; sourceTree = "<group>"; };
		639FC411288793CF001CC188 /* MovieInfo.swift */ = {isa = PBXFileReference; fileEncoding = 4; lastKnownFileType = sourcecode.swift; path = MovieInfo.swift; sourceTree = "<group>"; };
		639FC41328879AA1001CC188 /* RecommandCollectionViewController.swift */ = {isa = PBXFileReference; lastKnownFileType = sourcecode.swift; path = RecommandCollectionViewController.swift; sourceTree = "<group>"; };
		639FC41528879DE4001CC188 /* RecommandCollectionViewCell.swift */ = {isa = PBXFileReference; lastKnownFileType = sourcecode.swift; path = RecommandCollectionViewCell.swift; sourceTree = "<group>"; };
		639FC41D2887CBA3001CC188 /* SearchDataInfo.swift */ = {isa = PBXFileReference; lastKnownFileType = sourcecode.swift; path = SearchDataInfo.swift; sourceTree = "<group>"; };
		63AA404B28B7336100A346B7 /* BackupViewController.swift */ = {isa = PBXFileReference; lastKnownFileType = sourcecode.swift; path = BackupViewController.swift; sourceTree = "<group>"; };
		63AA404D28B733C600A346B7 /* BackupTableViewCell.swift */ = {isa = PBXFileReference; lastKnownFileType = sourcecode.swift; path = BackupTableViewCell.swift; sourceTree = "<group>"; };
		63B071292888E748001B8FAA /* TrendTableViewController.swift */ = {isa = PBXFileReference; lastKnownFileType = sourcecode.swift; path = TrendTableViewController.swift; sourceTree = "<group>"; };
		63E6031028B4CF22001E73F5 /* DetailViewController.swift */ = {isa = PBXFileReference; lastKnownFileType = sourcecode.swift; path = DetailViewController.swift; sourceTree = "<group>"; };
		63EA30672884DDD6009F1579 /* TrendMedia.app */ = {isa = PBXFileReference; explicitFileType = wrapper.application; includeInIndex = 0; path = TrendMedia.app; sourceTree = BUILT_PRODUCTS_DIR; };
		63EA306A2884DDD6009F1579 /* AppDelegate.swift */ = {isa = PBXFileReference; lastKnownFileType = sourcecode.swift; path = AppDelegate.swift; sourceTree = "<group>"; };
		63EA306C2884DDD6009F1579 /* SceneDelegate.swift */ = {isa = PBXFileReference; lastKnownFileType = sourcecode.swift; path = SceneDelegate.swift; sourceTree = "<group>"; };
		63EA306E2884DDD6009F1579 /* ViewController.swift */ = {isa = PBXFileReference; lastKnownFileType = sourcecode.swift; path = ViewController.swift; sourceTree = "<group>"; };
		63EA30712884DDD6009F1579 /* Base */ = {isa = PBXFileReference; lastKnownFileType = file.storyboard; name = Base; path = Base.lproj/Main.storyboard; sourceTree = "<group>"; };
		63EA30732884DDD8009F1579 /* Assets.xcassets */ = {isa = PBXFileReference; lastKnownFileType = folder.assetcatalog; path = Assets.xcassets; sourceTree = "<group>"; };
		63EA30762884DDD8009F1579 /* Base */ = {isa = PBXFileReference; lastKnownFileType = file.storyboard; name = Base; path = Base.lproj/LaunchScreen.storyboard; sourceTree = "<group>"; };
		63EA30782884DDD8009F1579 /* Info.plist */ = {isa = PBXFileReference; lastKnownFileType = text.plist.xml; path = Info.plist; sourceTree = "<group>"; };
		63EA307E2884F10D009F1579 /* Home.storyboard */ = {isa = PBXFileReference; lastKnownFileType = file.storyboard; path = Home.storyboard; sourceTree = "<group>"; };
		63EA30802884FE37009F1579 /* SettingTableViewController.swift */ = {isa = PBXFileReference; lastKnownFileType = sourcecode.swift; path = SettingTableViewController.swift; sourceTree = "<group>"; };
		63EA308228850FCE009F1579 /* Setting.storyboard */ = {isa = PBXFileReference; lastKnownFileType = file.storyboard; path = Setting.storyboard; sourceTree = "<group>"; };
		63EA308428850FE6009F1579 /* SubTableViewController.swift */ = {isa = PBXFileReference; lastKnownFileType = sourcecode.swift; path = SubTableViewController.swift; sourceTree = "<group>"; };
		63FEFDA92886401600F83F72 /* Search.storyboard */ = {isa = PBXFileReference; lastKnownFileType = file.storyboard; path = Search.storyboard; sourceTree = "<group>"; };
		63FEFDAB2886403D00F83F72 /* Trend.storyboard */ = {isa = PBXFileReference; lastKnownFileType = file.storyboard; path = Trend.storyboard; sourceTree = "<group>"; };
		63FEFDAE2886407A00F83F72 /* Intro.storyboard */ = {isa = PBXFileReference; lastKnownFileType = file.storyboard; path = Intro.storyboard; sourceTree = "<group>"; };
		63FEFDB02886441600F83F72 /* TrendViewController.swift */ = {isa = PBXFileReference; lastKnownFileType = sourcecode.swift; path = TrendViewController.swift; sourceTree = "<group>"; };
		63FEFDB22886441F00F83F72 /* SearchTableViewController.swift */ = {isa = PBXFileReference; lastKnownFileType = sourcecode.swift; path = SearchTableViewController.swift; sourceTree = "<group>"; };
		63FEFDB42886452A00F83F72 /* UIViewController+Extension.swift */ = {isa = PBXFileReference; lastKnownFileType = sourcecode.swift; path = "UIViewController+Extension.swift"; sourceTree = "<group>"; };
		63FEFDB62886478D00F83F72 /* UITextField+Extension.swift */ = {isa = PBXFileReference; lastKnownFileType = sourcecode.swift; path = "UITextField+Extension.swift"; sourceTree = "<group>"; };
		63FEFDB828864B9200F83F72 /* BucketListTableViewController.swift */ = {isa = PBXFileReference; lastKnownFileType = sourcecode.swift; path = BucketListTableViewController.swift; sourceTree = "<group>"; };
		63FEFDBA28864D9700F83F72 /* BuketListTableViewCell.swift */ = {isa = PBXFileReference; lastKnownFileType = sourcecode.swift; path = BuketListTableViewCell.swift; sourceTree = "<group>"; };
/* End PBXFileReference section */

/* Begin PBXFrameworksBuildPhase section */
		63EA30642884DDD6009F1579 /* Frameworks */ = {
			isa = PBXFrameworksBuildPhase;
			buildActionMask = 2147483647;
			files = (
				63E6030D28B4C2C4001E73F5 /* RealmSwift in Frameworks */,
				63E6030B28B4C2C4001E73F5 /* Realm in Frameworks */,
				63E6030828B4C2A6001E73F5 /* Toast in Frameworks */,
				63E6030528B4C296001E73F5 /* Kingfisher in Frameworks */,
				63AA405128B7386900A346B7 /* Zip in Frameworks */,
			);
			runOnlyForDeploymentPostprocessing = 0;
		};
/* End PBXFrameworksBuildPhase section */

/* Begin PBXGroup section */
		6343997C2886AE7B0084CD84 /* Shop */ = {
			isa = PBXGroup;
			children = (
				63439974288684D90084CD84 /* Shopping.storyboard */,
				634399782886857A0084CD84 /* ShopTableViewController.swift */,
				634399762886850D0084CD84 /* ShopTableViewCell.swift */,
				63AA404A28B7331000A346B7 /* Backup */,
				63E6030F28B4CF07001E73F5 /* Detail */,
				63E6030E28B4CEFB001E73F5 /* Realm */,
			);
			path = Shop;
			sourceTree = "<group>";
		};
		6343997D2886AE910084CD84 /* Extensions */ = {
			isa = PBXGroup;
			children = (
				63FEFDB42886452A00F83F72 /* UIViewController+Extension.swift */,
				630C4AB128B61A820002E88F /* FileManager+Extension.swift */,
				63FEFDB62886478D00F83F72 /* UITextField+Extension.swift */,
			);
			path = Extensions;
			sourceTree = "<group>";
		};
		6343997E2886AF360084CD84 /* Search */ = {
			isa = PBXGroup;
			children = (
				63FEFDA92886401600F83F72 /* Search.storyboard */,
				63FEFDB22886441F00F83F72 /* SearchTableViewController.swift */,
				634399812886BC4A0084CD84 /* SearchData.swift */,
				639FC41D2887CBA3001CC188 /* SearchDataInfo.swift */,
				6343997F2886B8B10084CD84 /* SearchTableViewCell.swift */,
			);
			path = Search;
			sourceTree = "<group>";
		};
		63AA404A28B7331000A346B7 /* Backup */ = {
			isa = PBXGroup;
			children = (
				63AA404B28B7336100A346B7 /* BackupViewController.swift */,
				63AA404D28B733C600A346B7 /* BackupTableViewCell.swift */,
			);
			path = Backup;
			sourceTree = "<group>";
		};
		63B071282888E68E001B8FAA /* Trend */ = {
			isa = PBXGroup;
			children = (
				63FEFDB828864B9200F83F72 /* BucketListTableViewController.swift */,
				63FEFDBA28864D9700F83F72 /* BuketListTableViewCell.swift */,
				639FC41528879DE4001CC188 /* RecommandCollectionViewCell.swift */,
				639FC41328879AA1001CC188 /* RecommandCollectionViewController.swift */,
				63484129288A3FC80044390B /* SenceViewController.swift */,
				63FEFDAB2886403D00F83F72 /* Trend.storyboard */,
				63B071292888E748001B8FAA /* TrendTableViewController.swift */,
				63FEFDB02886441600F83F72 /* TrendViewController.swift */,
			);
			path = Trend;
			sourceTree = "<group>";
		};
		63E6030E28B4CEFB001E73F5 /* Realm */ = {
			isa = PBXGroup;
			children = (
				6324987928B3576700350B2B /* RealmModel.swift */,
			);
			path = Realm;
			sourceTree = "<group>";
		};
		63E6030F28B4CF07001E73F5 /* Detail */ = {
			isa = PBXGroup;
			children = (
				63E6031028B4CF22001E73F5 /* DetailViewController.swift */,
			);
			path = Detail;
			sourceTree = "<group>";
		};
		63EA305E2884DDD6009F1579 = {
			isa = PBXGroup;
			children = (
				63EA30692884DDD6009F1579 /* TrendMedia */,
				63EA30682884DDD6009F1579 /* Products */,
			);
			sourceTree = "<group>";
		};
		63EA30682884DDD6009F1579 /* Products */ = {
			isa = PBXGroup;
			children = (
				63EA30672884DDD6009F1579 /* TrendMedia.app */,
			);
			name = Products;
			sourceTree = "<group>";
		};
		63EA30692884DDD6009F1579 /* TrendMedia */ = {
			isa = PBXGroup;
			children = (
				63FEFDAD2886404800F83F72 /* TrendGroup */,
				63EA306A2884DDD6009F1579 /* AppDelegate.swift */,
				63EA306C2884DDD6009F1579 /* SceneDelegate.swift */,
				63EA306E2884DDD6009F1579 /* ViewController.swift */,
				63EA30702884DDD6009F1579 /* Main.storyboard */,
				63EA30732884DDD8009F1579 /* Assets.xcassets */,
				63EA30752884DDD8009F1579 /* LaunchScreen.storyboard */,
				63EA30782884DDD8009F1579 /* Info.plist */,
			);
			path = TrendMedia;
			sourceTree = "<group>";
		};
		63FEFDAD2886404800F83F72 /* TrendGroup */ = {
			isa = PBXGroup;
			children = (
				63EA307E2884F10D009F1579 /* Home.storyboard */,
				63EA308228850FCE009F1579 /* Setting.storyboard */,
				639FC40B28878700001CC188 /* SearchMovieTableViewController.swift */,
				639FC40D28878767001CC188 /* SearchMovieTableViewCell.swift */,
				639FC40F28878C9E001CC188 /* Movie.swift */,
				639FC411288793CF001CC188 /* MovieInfo.swift */,
				63B071282888E68E001B8FAA /* Trend */,
				63FEFDAE2886407A00F83F72 /* Intro.storyboard */,
				6343997E2886AF360084CD84 /* Search */,
				63EA308428850FE6009F1579 /* SubTableViewController.swift */,
				63EA30802884FE37009F1579 /* SettingTableViewController.swift */,
				6343997C2886AE7B0084CD84 /* Shop */,
				6343997D2886AE910084CD84 /* Extensions */,
			);
			path = TrendGroup;
			sourceTree = "<group>";
		};
/* End PBXGroup section */

/* Begin PBXNativeTarget section */
		63EA30662884DDD6009F1579 /* TrendMedia */ = {
			isa = PBXNativeTarget;
			buildConfigurationList = 63EA307B2884DDD8009F1579 /* Build configuration list for PBXNativeTarget "TrendMedia" */;
			buildPhases = (
				63EA30632884DDD6009F1579 /* Sources */,
				63EA30642884DDD6009F1579 /* Frameworks */,
				63EA30652884DDD6009F1579 /* Resources */,
			);
			buildRules = (
			);
			dependencies = (
			);
			name = TrendMedia;
			packageProductDependencies = (
				63E6030428B4C296001E73F5 /* Kingfisher */,
				63E6030728B4C2A6001E73F5 /* Toast */,
				63E6030A28B4C2C4001E73F5 /* Realm */,
				63E6030C28B4C2C4001E73F5 /* RealmSwift */,
				63AA405028B7386900A346B7 /* Zip */,
			);
			productName = TrendMedia;
			productReference = 63EA30672884DDD6009F1579 /* TrendMedia.app */;
			productType = "com.apple.product-type.application";
		};
/* End PBXNativeTarget section */

/* Begin PBXProject section */
		63EA305F2884DDD6009F1579 /* Project object */ = {
			isa = PBXProject;
			attributes = {
				BuildIndependentTargetsInParallel = 1;
				LastSwiftUpdateCheck = 1340;
				LastUpgradeCheck = 1340;
				TargetAttributes = {
					63EA30662884DDD6009F1579 = {
						CreatedOnToolsVersion = 13.4.1;
					};
				};
			};
			buildConfigurationList = 63EA30622884DDD6009F1579 /* Build configuration list for PBXProject "TrendMedia" */;
			compatibilityVersion = "Xcode 13.0";
			developmentRegion = en;
			hasScannedForEncodings = 0;
			knownRegions = (
				en,
				Base,
			);
			mainGroup = 63EA305E2884DDD6009F1579;
			packageReferences = (
				63E6030328B4C296001E73F5 /* XCRemoteSwiftPackageReference "Kingfisher" */,
				63E6030628B4C2A6001E73F5 /* XCRemoteSwiftPackageReference "Toast-Swift" */,
				63E6030928B4C2C4001E73F5 /* XCRemoteSwiftPackageReference "realm-swift" */,
				63AA404F28B7386900A346B7 /* XCRemoteSwiftPackageReference "Zip" */,
			);
			productRefGroup = 63EA30682884DDD6009F1579 /* Products */;
			projectDirPath = "";
			projectRoot = "";
			targets = (
				63EA30662884DDD6009F1579 /* TrendMedia */,
			);
		};
/* End PBXProject section */

/* Begin PBXResourcesBuildPhase section */
		63EA30652884DDD6009F1579 /* Resources */ = {
			isa = PBXResourcesBuildPhase;
			buildActionMask = 2147483647;
			files = (
				63FEFDAC2886403D00F83F72 /* Trend.storyboard in Resources */,
				63EA30772884DDD8009F1579 /* LaunchScreen.storyboard in Resources */,
				63EA30742884DDD8009F1579 /* Assets.xcassets in Resources */,
				63FEFDAF2886407A00F83F72 /* Intro.storyboard in Resources */,
				63EA308328850FCE009F1579 /* Setting.storyboard in Resources */,
				63EA30722884DDD6009F1579 /* Main.storyboard in Resources */,
				63439975288684D90084CD84 /* Shopping.storyboard in Resources */,
				63FEFDAA2886401600F83F72 /* Search.storyboard in Resources */,
				63EA307F2884F10D009F1579 /* Home.storyboard in Resources */,
			);
			runOnlyForDeploymentPostprocessing = 0;
		};
/* End PBXResourcesBuildPhase section */

/* Begin PBXSourcesBuildPhase section */
		63EA30632884DDD6009F1579 /* Sources */ = {
			isa = PBXSourcesBuildPhase;
			buildActionMask = 2147483647;
			files = (
				639FC41028878C9E001CC188 /* Movie.swift in Sources */,
				639FC40E28878767001CC188 /* SearchMovieTableViewCell.swift in Sources */,
				630C4AB228B61A820002E88F /* FileManager+Extension.swift in Sources */,
				639FC41E2887CBA3001CC188 /* SearchDataInfo.swift in Sources */,
				634399792886857A0084CD84 /* ShopTableViewController.swift in Sources */,
				639FC41628879DE4001CC188 /* RecommandCollectionViewCell.swift in Sources */,
				63B0712A2888E748001B8FAA /* TrendTableViewController.swift in Sources */,
				63FEFDB72886478D00F83F72 /* UITextField+Extension.swift in Sources */,
				63FEFDB928864B9200F83F72 /* BucketListTableViewController.swift in Sources */,
				63FEFDB52886452A00F83F72 /* UIViewController+Extension.swift in Sources */,
				639FC412288793CF001CC188 /* MovieInfo.swift in Sources */,
				634399772886850D0084CD84 /* ShopTableViewCell.swift in Sources */,
				6324987A28B3576700350B2B /* RealmModel.swift in Sources */,
				63EA30812884FE37009F1579 /* SettingTableViewController.swift in Sources */,
				63E6031128B4CF22001E73F5 /* DetailViewController.swift in Sources */,
				63FEFDB32886441F00F83F72 /* SearchTableViewController.swift in Sources */,
				63EA308528850FE6009F1579 /* SubTableViewController.swift in Sources */,
				63AA404E28B733C600A346B7 /* BackupTableViewCell.swift in Sources */,
				639FC41428879AA1001CC188 /* RecommandCollectionViewController.swift in Sources */,
				6348412A288A3FC80044390B /* SenceViewController.swift in Sources */,
				63EA306F2884DDD6009F1579 /* ViewController.swift in Sources */,
				634399802886B8B10084CD84 /* SearchTableViewCell.swift in Sources */,
				63EA306B2884DDD6009F1579 /* AppDelegate.swift in Sources */,
				63AA404C28B7336100A346B7 /* BackupViewController.swift in Sources */,
				639FC40C28878700001CC188 /* SearchMovieTableViewController.swift in Sources */,
				634399822886BC4A0084CD84 /* SearchData.swift in Sources */,
				63FEFDB12886441600F83F72 /* TrendViewController.swift in Sources */,
				63EA306D2884DDD6009F1579 /* SceneDelegate.swift in Sources */,
				63FEFDBB28864D9700F83F72 /* BuketListTableViewCell.swift in Sources */,
			);
			runOnlyForDeploymentPostprocessing = 0;
		};
/* End PBXSourcesBuildPhase section */

/* Begin PBXVariantGroup section */
		63EA30702884DDD6009F1579 /* Main.storyboard */ = {
			isa = PBXVariantGroup;
			children = (
				63EA30712884DDD6009F1579 /* Base */,
			);
			name = Main.storyboard;
			sourceTree = "<group>";
		};
		63EA30752884DDD8009F1579 /* LaunchScreen.storyboard */ = {
			isa = PBXVariantGroup;
			children = (
				63EA30762884DDD8009F1579 /* Base */,
			);
			name = LaunchScreen.storyboard;
			sourceTree = "<group>";
		};
/* End PBXVariantGroup section */

/* Begin XCBuildConfiguration section */
		63EA30792884DDD8009F1579 /* Debug */ = {
			isa = XCBuildConfiguration;
			buildSettings = {
				ALWAYS_SEARCH_USER_PATHS = NO;
				CLANG_ANALYZER_NONNULL = YES;
				CLANG_ANALYZER_NUMBER_OBJECT_CONVERSION = YES_AGGRESSIVE;
				CLANG_CXX_LANGUAGE_STANDARD = "gnu++17";
				CLANG_ENABLE_MODULES = YES;
				CLANG_ENABLE_OBJC_ARC = YES;
				CLANG_ENABLE_OBJC_WEAK = YES;
				CLANG_WARN_BLOCK_CAPTURE_AUTORELEASING = YES;
				CLANG_WARN_BOOL_CONVERSION = YES;
				CLANG_WARN_COMMA = YES;
				CLANG_WARN_CONSTANT_CONVERSION = YES;
				CLANG_WARN_DEPRECATED_OBJC_IMPLEMENTATIONS = YES;
				CLANG_WARN_DIRECT_OBJC_ISA_USAGE = YES_ERROR;
				CLANG_WARN_DOCUMENTATION_COMMENTS = YES;
				CLANG_WARN_EMPTY_BODY = YES;
				CLANG_WARN_ENUM_CONVERSION = YES;
				CLANG_WARN_INFINITE_RECURSION = YES;
				CLANG_WARN_INT_CONVERSION = YES;
				CLANG_WARN_NON_LITERAL_NULL_CONVERSION = YES;
				CLANG_WARN_OBJC_IMPLICIT_RETAIN_SELF = YES;
				CLANG_WARN_OBJC_LITERAL_CONVERSION = YES;
				CLANG_WARN_OBJC_ROOT_CLASS = YES_ERROR;
				CLANG_WARN_QUOTED_INCLUDE_IN_FRAMEWORK_HEADER = YES;
				CLANG_WARN_RANGE_LOOP_ANALYSIS = YES;
				CLANG_WARN_STRICT_PROTOTYPES = YES;
				CLANG_WARN_SUSPICIOUS_MOVE = YES;
				CLANG_WARN_UNGUARDED_AVAILABILITY = YES_AGGRESSIVE;
				CLANG_WARN_UNREACHABLE_CODE = YES;
				CLANG_WARN__DUPLICATE_METHOD_MATCH = YES;
				COPY_PHASE_STRIP = NO;
				DEBUG_INFORMATION_FORMAT = dwarf;
				ENABLE_STRICT_OBJC_MSGSEND = YES;
				ENABLE_TESTABILITY = YES;
				GCC_C_LANGUAGE_STANDARD = gnu11;
				GCC_DYNAMIC_NO_PIC = NO;
				GCC_NO_COMMON_BLOCKS = YES;
				GCC_OPTIMIZATION_LEVEL = 0;
				GCC_PREPROCESSOR_DEFINITIONS = (
					"DEBUG=1",
					"$(inherited)",
				);
				GCC_WARN_64_TO_32_BIT_CONVERSION = YES;
				GCC_WARN_ABOUT_RETURN_TYPE = YES_ERROR;
				GCC_WARN_UNDECLARED_SELECTOR = YES;
				GCC_WARN_UNINITIALIZED_AUTOS = YES_AGGRESSIVE;
				GCC_WARN_UNUSED_FUNCTION = YES;
				GCC_WARN_UNUSED_VARIABLE = YES;
				IPHONEOS_DEPLOYMENT_TARGET = 15.5;
				MTL_ENABLE_DEBUG_INFO = INCLUDE_SOURCE;
				MTL_FAST_MATH = YES;
				ONLY_ACTIVE_ARCH = YES;
				SDKROOT = iphoneos;
				SWIFT_ACTIVE_COMPILATION_CONDITIONS = DEBUG;
				SWIFT_OPTIMIZATION_LEVEL = "-Onone";
			};
			name = Debug;
		};
		63EA307A2884DDD8009F1579 /* Release */ = {
			isa = XCBuildConfiguration;
			buildSettings = {
				ALWAYS_SEARCH_USER_PATHS = NO;
				CLANG_ANALYZER_NONNULL = YES;
				CLANG_ANALYZER_NUMBER_OBJECT_CONVERSION = YES_AGGRESSIVE;
				CLANG_CXX_LANGUAGE_STANDARD = "gnu++17";
				CLANG_ENABLE_MODULES = YES;
				CLANG_ENABLE_OBJC_ARC = YES;
				CLANG_ENABLE_OBJC_WEAK = YES;
				CLANG_WARN_BLOCK_CAPTURE_AUTORELEASING = YES;
				CLANG_WARN_BOOL_CONVERSION = YES;
				CLANG_WARN_COMMA = YES;
				CLANG_WARN_CONSTANT_CONVERSION = YES;
				CLANG_WARN_DEPRECATED_OBJC_IMPLEMENTATIONS = YES;
				CLANG_WARN_DIRECT_OBJC_ISA_USAGE = YES_ERROR;
				CLANG_WARN_DOCUMENTATION_COMMENTS = YES;
				CLANG_WARN_EMPTY_BODY = YES;
				CLANG_WARN_ENUM_CONVERSION = YES;
				CLANG_WARN_INFINITE_RECURSION = YES;
				CLANG_WARN_INT_CONVERSION = YES;
				CLANG_WARN_NON_LITERAL_NULL_CONVERSION = YES;
				CLANG_WARN_OBJC_IMPLICIT_RETAIN_SELF = YES;
				CLANG_WARN_OBJC_LITERAL_CONVERSION = YES;
				CLANG_WARN_OBJC_ROOT_CLASS = YES_ERROR;
				CLANG_WARN_QUOTED_INCLUDE_IN_FRAMEWORK_HEADER = YES;
				CLANG_WARN_RANGE_LOOP_ANALYSIS = YES;
				CLANG_WARN_STRICT_PROTOTYPES = YES;
				CLANG_WARN_SUSPICIOUS_MOVE = YES;
				CLANG_WARN_UNGUARDED_AVAILABILITY = YES_AGGRESSIVE;
				CLANG_WARN_UNREACHABLE_CODE = YES;
				CLANG_WARN__DUPLICATE_METHOD_MATCH = YES;
				COPY_PHASE_STRIP = NO;
				DEBUG_INFORMATION_FORMAT = "dwarf-with-dsym";
				ENABLE_NS_ASSERTIONS = NO;
				ENABLE_STRICT_OBJC_MSGSEND = YES;
				GCC_C_LANGUAGE_STANDARD = gnu11;
				GCC_NO_COMMON_BLOCKS = YES;
				GCC_WARN_64_TO_32_BIT_CONVERSION = YES;
				GCC_WARN_ABOUT_RETURN_TYPE = YES_ERROR;
				GCC_WARN_UNDECLARED_SELECTOR = YES;
				GCC_WARN_UNINITIALIZED_AUTOS = YES_AGGRESSIVE;
				GCC_WARN_UNUSED_FUNCTION = YES;
				GCC_WARN_UNUSED_VARIABLE = YES;
				IPHONEOS_DEPLOYMENT_TARGET = 15.5;
				MTL_ENABLE_DEBUG_INFO = NO;
				MTL_FAST_MATH = YES;
				SDKROOT = iphoneos;
				SWIFT_COMPILATION_MODE = wholemodule;
				SWIFT_OPTIMIZATION_LEVEL = "-O";
				VALIDATE_PRODUCT = YES;
			};
			name = Release;
		};
		63EA307C2884DDD8009F1579 /* Debug */ = {
			isa = XCBuildConfiguration;
			buildSettings = {
				ASSETCATALOG_COMPILER_APPICON_NAME = AppIcon;
				ASSETCATALOG_COMPILER_GLOBAL_ACCENT_COLOR_NAME = AccentColor;
				CODE_SIGN_STYLE = Automatic;
				CURRENT_PROJECT_VERSION = 1;
				DEVELOPMENT_TEAM = QV329P6X5G;
				GENERATE_INFOPLIST_FILE = YES;
				INFOPLIST_FILE = TrendMedia/Info.plist;
				INFOPLIST_KEY_UIApplicationSupportsIndirectInputEvents = YES;
				INFOPLIST_KEY_UILaunchStoryboardName = LaunchScreen;
				INFOPLIST_KEY_UIMainStoryboardFile = Main;
				INFOPLIST_KEY_UISupportedInterfaceOrientations_iPad = "UIInterfaceOrientationPortrait UIInterfaceOrientationPortraitUpsideDown UIInterfaceOrientationLandscapeLeft UIInterfaceOrientationLandscapeRight";
				INFOPLIST_KEY_UISupportedInterfaceOrientations_iPhone = "UIInterfaceOrientationPortrait UIInterfaceOrientationLandscapeLeft UIInterfaceOrientationLandscapeRight";
				IPHONEOS_DEPLOYMENT_TARGET = 15.5;
				LD_RUNPATH_SEARCH_PATHS = (
					"$(inherited)",
					"@executable_path/Frameworks",
				);
				MARKETING_VERSION = 1.0;
				PRODUCT_BUNDLE_IDENTIFIER = com.jj.TrendMedia;
				PRODUCT_NAME = "$(TARGET_NAME)";
				SWIFT_EMIT_LOC_STRINGS = YES;
				SWIFT_VERSION = 5.0;
				TARGETED_DEVICE_FAMILY = "1,2";
			};
			name = Debug;
		};
		63EA307D2884DDD8009F1579 /* Release */ = {
			isa = XCBuildConfiguration;
			buildSettings = {
				ASSETCATALOG_COMPILER_APPICON_NAME = AppIcon;
				ASSETCATALOG_COMPILER_GLOBAL_ACCENT_COLOR_NAME = AccentColor;
				CODE_SIGN_STYLE = Automatic;
				CURRENT_PROJECT_VERSION = 1;
				DEVELOPMENT_TEAM = QV329P6X5G;
				GENERATE_INFOPLIST_FILE = YES;
				INFOPLIST_FILE = TrendMedia/Info.plist;
				INFOPLIST_KEY_UIApplicationSupportsIndirectInputEvents = YES;
				INFOPLIST_KEY_UILaunchStoryboardName = LaunchScreen;
				INFOPLIST_KEY_UIMainStoryboardFile = Main;
				INFOPLIST_KEY_UISupportedInterfaceOrientations_iPad = "UIInterfaceOrientationPortrait UIInterfaceOrientationPortraitUpsideDown UIInterfaceOrientationLandscapeLeft UIInterfaceOrientationLandscapeRight";
				INFOPLIST_KEY_UISupportedInterfaceOrientations_iPhone = "UIInterfaceOrientationPortrait UIInterfaceOrientationLandscapeLeft UIInterfaceOrientationLandscapeRight";
				IPHONEOS_DEPLOYMENT_TARGET = 15.5;
				LD_RUNPATH_SEARCH_PATHS = (
					"$(inherited)",
					"@executable_path/Frameworks",
				);
				MARKETING_VERSION = 1.0;
				PRODUCT_BUNDLE_IDENTIFIER = com.jj.TrendMedia;
				PRODUCT_NAME = "$(TARGET_NAME)";
				SWIFT_EMIT_LOC_STRINGS = YES;
				SWIFT_VERSION = 5.0;
				TARGETED_DEVICE_FAMILY = "1,2";
			};
			name = Release;
		};
/* End XCBuildConfiguration section */

/* Begin XCConfigurationList section */
		63EA30622884DDD6009F1579 /* Build configuration list for PBXProject "TrendMedia" */ = {
			isa = XCConfigurationList;
			buildConfigurations = (
				63EA30792884DDD8009F1579 /* Debug */,
				63EA307A2884DDD8009F1579 /* Release */,
			);
			defaultConfigurationIsVisible = 0;
			defaultConfigurationName = Release;
		};
		63EA307B2884DDD8009F1579 /* Build configuration list for PBXNativeTarget "TrendMedia" */ = {
			isa = XCConfigurationList;
			buildConfigurations = (
				63EA307C2884DDD8009F1579 /* Debug */,
				63EA307D2884DDD8009F1579 /* Release */,
			);
			defaultConfigurationIsVisible = 0;
			defaultConfigurationName = Release;
		};
/* End XCConfigurationList section */

/* Begin XCRemoteSwiftPackageReference section */
		63AA404F28B7386900A346B7 /* XCRemoteSwiftPackageReference "Zip" */ = {
			isa = XCRemoteSwiftPackageReference;
			repositoryURL = "https://github.com/marmelroy/Zip.git";
			requirement = {
				kind = upToNextMajorVersion;
				minimumVersion = 2.0.0;
			};
		};
		63E6030328B4C296001E73F5 /* XCRemoteSwiftPackageReference "Kingfisher" */ = {
			isa = XCRemoteSwiftPackageReference;
			repositoryURL = "https://github.com/onevcat/Kingfisher.git";
			requirement = {
				kind = upToNextMajorVersion;
				minimumVersion = 7.0.0;
			};
		};
		63E6030628B4C2A6001E73F5 /* XCRemoteSwiftPackageReference "Toast-Swift" */ = {
			isa = XCRemoteSwiftPackageReference;
			repositoryURL = "https://github.com/scalessec/Toast-Swift.git";
			requirement = {
				kind = upToNextMajorVersion;
				minimumVersion = 5.0.0;
			};
		};
		63E6030928B4C2C4001E73F5 /* XCRemoteSwiftPackageReference "realm-swift" */ = {
			isa = XCRemoteSwiftPackageReference;
			repositoryURL = "https://github.com/realm/realm-swift.git";
			requirement = {
				kind = upToNextMajorVersion;
				minimumVersion = 10.0.0;
			};
		};
/* End XCRemoteSwiftPackageReference section */

/* Begin XCSwiftPackageProductDependency section */
		63AA405028B7386900A346B7 /* Zip */ = {
			isa = XCSwiftPackageProductDependency;
			package = 63AA404F28B7386900A346B7 /* XCRemoteSwiftPackageReference "Zip" */;
			productName = Zip;
		};
		63E6030428B4C296001E73F5 /* Kingfisher */ = {
			isa = XCSwiftPackageProductDependency;
			package = 63E6030328B4C296001E73F5 /* XCRemoteSwiftPackageReference "Kingfisher" */;
			productName = Kingfisher;
		};
		63E6030728B4C2A6001E73F5 /* Toast */ = {
			isa = XCSwiftPackageProductDependency;
			package = 63E6030628B4C2A6001E73F5 /* XCRemoteSwiftPackageReference "Toast-Swift" */;
			productName = Toast;
		};
		63E6030A28B4C2C4001E73F5 /* Realm */ = {
			isa = XCSwiftPackageProductDependency;
			package = 63E6030928B4C2C4001E73F5 /* XCRemoteSwiftPackageReference "realm-swift" */;
			productName = Realm;
		};
		63E6030C28B4C2C4001E73F5 /* RealmSwift */ = {
			isa = XCSwiftPackageProductDependency;
			package = 63E6030928B4C2C4001E73F5 /* XCRemoteSwiftPackageReference "realm-swift" */;
			productName = RealmSwift;
		};
/* End XCSwiftPackageProductDependency section */
	};
	rootObject = 63EA305F2884DDD6009F1579 /* Project object */;
}
